# THIS IS AN AUTOGENERATED FILE. DO NOT EDIT THIS FILE DIRECTLY.
# yarn lockfile v1


typescript@^3.7.3:
  version "3.7.3"
  resolved "https://packages.atlassian.com/api/npm/npm-remote/typescript/-/typescript-3.7.3.tgz#b36840668a16458a7025b9eabfad11b66ab85c69"
  integrity sha1-s2hAZooWRYpwJbnqv60Rtmq4XGk=
